// !$*UTF8*$!
{
	archiveVersion = 1;
	classes = {
	};
	objectVersion = 48;
	objects = {

/* Begin PBXBuildFile section */
		831A7EA31FA0A216006B1907 /* bullet@2x.png in Resources */ = {isa = PBXBuildFile; fileRef = 831A7EA11FA0A216006B1907 /* bullet@2x.png */; };
		831A7EA41FA0A216006B1907 /* bullet.png in Resources */ = {isa = PBXBuildFile; fileRef = 831A7EA21FA0A216006B1907 /* bullet.png */; };
		832FA9A01F9EF20A0049A5FD /* PrefixHeader.pch in Sources */ = {isa = PBXBuildFile; fileRef = 832FA99F1F9EF16C0049A5FD /* PrefixHeader.pch */; };
		832FA9A31F9EF7700049A5FD /* pause.png in Resources */ = {isa = PBXBuildFile; fileRef = 832FA9A11F9EF7650049A5FD /* pause.png */; };
		832FA9A41F9EF7700049A5FD /* start.png in Resources */ = {isa = PBXBuildFile; fileRef = 832FA9A21F9EF7650049A5FD /* start.png */; };
		832FA9A61F9EFB0F0049A5FD /* stop.png in Resources */ = {isa = PBXBuildFile; fileRef = 832FA9A51F9EFB080049A5FD /* stop.png */; };
		832FA9A91F9F18340049A5FD /* HeroFIghter.m in Sources */ = {isa = PBXBuildFile; fileRef = 832FA9A81F9F18340049A5FD /* HeroFIghter.m */; };
		83686BEA1F9F30180043D68F /* Missiles.m in Sources */ = {isa = PBXBuildFile; fileRef = 83686BE91F9F30180043D68F /* Missiles.m */; };
		83686BED1F9F333D0043D68F /* HeroMissiles.m in Sources */ = {isa = PBXBuildFile; fileRef = 83686BEC1F9F333D0043D68F /* HeroMissiles.m */; };
		83686BF01F9F44B30043D68F /* EnemyMissiles.m in Sources */ = {isa = PBXBuildFile; fileRef = 83686BEF1F9F44B30043D68F /* EnemyMissiles.m */; };
		8383EDB01F9D8CA5006BCC57 /* AppDelegate.m in Sources */ = {isa = PBXBuildFile; fileRef = 8383EDAF1F9D8CA5006BCC57 /* AppDelegate.m */; };
		8383EDB31F9D8CA5006BCC57 /* ViewController.m in Sources */ = {isa = PBXBuildFile; fileRef = 8383EDB21F9D8CA5006BCC57 /* ViewController.m */; };
		8383EDB61F9D8CA5006BCC57 /* Main.storyboard in Resources */ = {isa = PBXBuildFile; fileRef = 8383EDB41F9D8CA5006BCC57 /* Main.storyboard */; };
		8383EDB81F9D8CA5006BCC57 /* Assets.xcassets in Resources */ = {isa = PBXBuildFile; fileRef = 8383EDB71F9D8CA5006BCC57 /* Assets.xcassets */; };
		8383EDBB1F9D8CA5006BCC57 /* LaunchScreen.storyboard in Resources */ = {isa = PBXBuildFile; fileRef = 8383EDB91F9D8CA5006BCC57 /* LaunchScreen.storyboard */; };
		8383EDBE1F9D8CA5006BCC57 /* main.m in Sources */ = {isa = PBXBuildFile; fileRef = 8383EDBD1F9D8CA5006BCC57 /* main.m */; };
		8383EDC81F9D8CA5006BCC57 /* FighterTests.m in Sources */ = {isa = PBXBuildFile; fileRef = 8383EDC71F9D8CA5006BCC57 /* FighterTests.m */; };
		8383EDD31F9D8CA5006BCC57 /* FighterUITests.m in Sources */ = {isa = PBXBuildFile; fileRef = 8383EDD21F9D8CA5006BCC57 /* FighterUITests.m */; };
		8383EDEA1F9D8DEC006BCC57 /* enemy@2x.png in Resources */ = {isa = PBXBuildFile; fileRef = 8383EDE11F9D8DDC006BCC57 /* enemy@2x.png */; };
		8383EDEB1F9D8DEC006BCC57 /* logo@2x.png in Resources */ = {isa = PBXBuildFile; fileRef = 8383EDE21F9D8DDC006BCC57 /* logo@2x.png */; };
		8383EDEC1F9D8DEC006BCC57 /* spark.png in Resources */ = {isa = PBXBuildFile; fileRef = 8383EDE31F9D8DDC006BCC57 /* spark.png */; };
		8383EDED1F9D8DEC006BCC57 /* spitfire@2x.png in Resources */ = {isa = PBXBuildFile; fileRef = 8383EDE41F9D8DDC006BCC57 /* spitfire@2x.png */; };
		8383EDEE1F9D8DEC006BCC57 /* CloudParticleEmitter.sks in Resources */ = {isa = PBXBuildFile; fileRef = 8383EDE61F9D8DDC006BCC57 /* CloudParticleEmitter.sks */; };
		8383EDEF1F9D8DEC006BCC57 /* DamageSmoke.sks in Resources */ = {isa = PBXBuildFile; fileRef = 8383EDE71F9D8DDC006BCC57 /* DamageSmoke.sks */; };
		8383EDF01F9D8DEC006BCC57 /* Explosion.sks in Resources */ = {isa = PBXBuildFile; fileRef = 8383EDE81F9D8DDC006BCC57 /* Explosion.sks */; };
		8383EDF11F9D8DEC006BCC57 /* Fire.sks in Resources */ = {isa = PBXBuildFile; fileRef = 8383EDE91F9D8DDC006BCC57 /* Fire.sks */; };
		8383EDF91F9DE4EA006BCC57 /* SKEmitterNode+MyUtilities.m in Sources */ = {isa = PBXBuildFile; fileRef = 8383EDF81F9DE4EA006BCC57 /* SKEmitterNode+MyUtilities.m */; };
		8383EDFD1F9DE847006BCC57 /* StarScene.m in Sources */ = {isa = PBXBuildFile; fileRef = 8383EDFC1F9DE847006BCC57 /* StarScene.m */; };
		8383EE011F9DF791006BCC57 /* enemy.png in Resources */ = {isa = PBXBuildFile; fileRef = 8383EDFF1F9DF77D006BCC57 /* enemy.png */; };
		8383EE021F9DF791006BCC57 /* logo.png in Resources */ = {isa = PBXBuildFile; fileRef = 8383EE001F9DF77D006BCC57 /* logo.png */; };
		8383EE031F9DF791006BCC57 /* spitfire.png in Resources */ = {isa = PBXBuildFile; fileRef = 8383EDFE1F9DF77D006BCC57 /* spitfire.png */; };
		8383EE061F9DF9A7006BCC57 /* GameScene.m in Sources */ = {isa = PBXBuildFile; fileRef = 8383EE051F9DF9A7006BCC57 /* GameScene.m */; };
/* End PBXBuildFile section */

/* Begin PBXContainerItemProxy section */
		8383EDC41F9D8CA5006BCC57 /* PBXContainerItemProxy */ = {
			isa = PBXContainerItemProxy;
			containerPortal = 8383EDA31F9D8CA5006BCC57 /* Project object */;
			proxyType = 1;
			remoteGlobalIDString = 8383EDAA1F9D8CA5006BCC57;
			remoteInfo = Fighter;
		};
		8383EDCF1F9D8CA5006BCC57 /* PBXContainerItemProxy */ = {
			isa = PBXContainerItemProxy;
			containerPortal = 8383EDA31F9D8CA5006BCC57 /* Project object */;
			proxyType = 1;
			remoteGlobalIDString = 8383EDAA1F9D8CA5006BCC57;
			remoteInfo = Fighter;
		};
/* End PBXContainerItemProxy section */

/* Begin PBXFileReference section */
		831A7EA11FA0A216006B1907 /* bullet@2x.png */ = {isa = PBXFileReference; lastKnownFileType = image.png; path = "bullet@2x.png"; sourceTree = "<group>"; };
		831A7EA21FA0A216006B1907 /* bullet.png */ = {isa = PBXFileReference; lastKnownFileType = image.png; path = bullet.png; sourceTree = "<group>"; };
		832FA99F1F9EF16C0049A5FD /* PrefixHeader.pch */ = {isa = PBXFileReference; lastKnownFileType = sourcecode.c.h; path = PrefixHeader.pch; sourceTree = "<group>"; };
		832FA9A11F9EF7650049A5FD /* pause.png */ = {isa = PBXFileReference; lastKnownFileType = image.png; path = pause.png; sourceTree = "<group>"; };
		832FA9A21F9EF7650049A5FD /* start.png */ = {isa = PBXFileReference; lastKnownFileType = image.png; path = start.png; sourceTree = "<group>"; };
		832FA9A51F9EFB080049A5FD /* stop.png */ = {isa = PBXFileReference; lastKnownFileType = image.png; path = stop.png; sourceTree = "<group>"; };
		832FA9A71F9F18340049A5FD /* HeroFIghter.h */ = {isa = PBXFileReference; lastKnownFileType = sourcecode.c.h; path = HeroFIghter.h; sourceTree = "<group>"; };
		832FA9A81F9F18340049A5FD /* HeroFIghter.m */ = {isa = PBXFileReference; lastKnownFileType = sourcecode.c.objc; path = HeroFIghter.m; sourceTree = "<group>"; };
		83686BE81F9F30180043D68F /* Missiles.h */ = {isa = PBXFileReference; lastKnownFileType = sourcecode.c.h; path = Missiles.h; sourceTree = "<group>"; };
		83686BE91F9F30180043D68F /* Missiles.m */ = {isa = PBXFileReference; lastKnownFileType = sourcecode.c.objc; path = Missiles.m; sourceTree = "<group>"; };
		83686BEB1F9F333D0043D68F /* HeroMissiles.h */ = {isa = PBXFileReference; lastKnownFileType = sourcecode.c.h; path = HeroMissiles.h; sourceTree = "<group>"; };
		83686BEC1F9F333D0043D68F /* HeroMissiles.m */ = {isa = PBXFileReference; lastKnownFileType = sourcecode.c.objc; path = HeroMissiles.m; sourceTree = "<group>"; };
		83686BEE1F9F44B30043D68F /* EnemyMissiles.h */ = {isa = PBXFileReference; lastKnownFileType = sourcecode.c.h; path = EnemyMissiles.h; sourceTree = "<group>"; };
		83686BEF1F9F44B30043D68F /* EnemyMissiles.m */ = {isa = PBXFileReference; lastKnownFileType = sourcecode.c.objc; path = EnemyMissiles.m; sourceTree = "<group>"; };
		8383EDAB1F9D8CA5006BCC57 /* Fighter.app */ = {isa = PBXFileReference; explicitFileType = wrapper.application; includeInIndex = 0; path = Fighter.app; sourceTree = BUILT_PRODUCTS_DIR; };
		8383EDAE1F9D8CA5006BCC57 /* AppDelegate.h */ = {isa = PBXFileReference; lastKnownFileType = sourcecode.c.h; path = AppDelegate.h; sourceTree = "<group>"; };
		8383EDAF1F9D8CA5006BCC57 /* AppDelegate.m */ = {isa = PBXFileReference; lastKnownFileType = sourcecode.c.objc; path = AppDelegate.m; sourceTree = "<group>"; };
		8383EDB11F9D8CA5006BCC57 /* ViewController.h */ = {isa = PBXFileReference; lastKnownFileType = sourcecode.c.h; path = ViewController.h; sourceTree = "<group>"; };
		8383EDB21F9D8CA5006BCC57 /* ViewController.m */ = {isa = PBXFileReference; lastKnownFileType = sourcecode.c.objc; path = ViewController.m; sourceTree = "<group>"; };
		8383EDB51F9D8CA5006BCC57 /* Base */ = {isa = PBXFileReference; lastKnownFileType = file.storyboard; name = Base; path = Base.lproj/Main.storyboard; sourceTree = "<group>"; };
		8383EDB71F9D8CA5006BCC57 /* Assets.xcassets */ = {isa = PBXFileReference; lastKnownFileType = folder.assetcatalog; path = Assets.xcassets; sourceTree = "<group>"; };
		8383EDBA1F9D8CA5006BCC57 /* Base */ = {isa = PBXFileReference; lastKnownFileType = file.storyboard; name = Base; path = Base.lproj/LaunchScreen.storyboard; sourceTree = "<group>"; };
		8383EDBC1F9D8CA5006BCC57 /* Info.plist */ = {isa = PBXFileReference; lastKnownFileType = text.plist.xml; path = Info.plist; sourceTree = "<group>"; };
		8383EDBD1F9D8CA5006BCC57 /* main.m */ = {isa = PBXFileReference; lastKnownFileType = sourcecode.c.objc; path = main.m; sourceTree = "<group>"; };
		8383EDC31F9D8CA5006BCC57 /* FighterTests.xctest */ = {isa = PBXFileReference; explicitFileType = wrapper.cfbundle; includeInIndex = 0; path = FighterTests.xctest; sourceTree = BUILT_PRODUCTS_DIR; };
		8383EDC71F9D8CA5006BCC57 /* FighterTests.m */ = {isa = PBXFileReference; lastKnownFileType = sourcecode.c.objc; path = FighterTests.m; sourceTree = "<group>"; };
		8383EDC91F9D8CA5006BCC57 /* Info.plist */ = {isa = PBXFileReference; lastKnownFileType = text.plist.xml; path = Info.plist; sourceTree = "<group>"; };
		8383EDCE1F9D8CA5006BCC57 /* FighterUITests.xctest */ = {isa = PBXFileReference; explicitFileType = wrapper.cfbundle; includeInIndex = 0; path = FighterUITests.xctest; sourceTree = BUILT_PRODUCTS_DIR; };
		8383EDD21F9D8CA5006BCC57 /* FighterUITests.m */ = {isa = PBXFileReference; lastKnownFileType = sourcecode.c.objc; path = FighterUITests.m; sourceTree = "<group>"; };
		8383EDD41F9D8CA5006BCC57 /* Info.plist */ = {isa = PBXFileReference; lastKnownFileType = text.plist.xml; path = Info.plist; sourceTree = "<group>"; };
		8383EDE11F9D8DDC006BCC57 /* enemy@2x.png */ = {isa = PBXFileReference; lastKnownFileType = image.png; path = "enemy@2x.png"; sourceTree = "<group>"; };
		8383EDE21F9D8DDC006BCC57 /* logo@2x.png */ = {isa = PBXFileReference; lastKnownFileType = image.png; path = "logo@2x.png"; sourceTree = "<group>"; };
		8383EDE31F9D8DDC006BCC57 /* spark.png */ = {isa = PBXFileReference; lastKnownFileType = image.png; path = spark.png; sourceTree = "<group>"; };
		8383EDE41F9D8DDC006BCC57 /* spitfire@2x.png */ = {isa = PBXFileReference; lastKnownFileType = image.png; path = "spitfire@2x.png"; sourceTree = "<group>"; };
		8383EDE61F9D8DDC006BCC57 /* CloudParticleEmitter.sks */ = {isa = PBXFileReference; lastKnownFileType = file.sks; path = CloudParticleEmitter.sks; sourceTree = "<group>"; };
		8383EDE71F9D8DDC006BCC57 /* DamageSmoke.sks */ = {isa = PBXFileReference; lastKnownFileType = file.sks; path = DamageSmoke.sks; sourceTree = "<group>"; };
		8383EDE81F9D8DDC006BCC57 /* Explosion.sks */ = {isa = PBXFileReference; lastKnownFileType = file.sks; path = Explosion.sks; sourceTree = "<group>"; };
		8383EDE91F9D8DDC006BCC57 /* Fire.sks */ = {isa = PBXFileReference; lastKnownFileType = file.sks; path = Fire.sks; sourceTree = "<group>"; };
		8383EDF71F9DE4EA006BCC57 /* SKEmitterNode+MyUtilities.h */ = {isa = PBXFileReference; lastKnownFileType = sourcecode.c.h; path = "SKEmitterNode+MyUtilities.h"; sourceTree = "<group>"; };
		8383EDF81F9DE4EA006BCC57 /* SKEmitterNode+MyUtilities.m */ = {isa = PBXFileReference; lastKnownFileType = sourcecode.c.objc; path = "SKEmitterNode+MyUtilities.m"; sourceTree = "<group>"; };
		8383EDFB1F9DE847006BCC57 /* StarScene.h */ = {isa = PBXFileReference; lastKnownFileType = sourcecode.c.h; path = StarScene.h; sourceTree = "<group>"; };
		8383EDFC1F9DE847006BCC57 /* StarScene.m */ = {isa = PBXFileReference; lastKnownFileType = sourcecode.c.objc; path = StarScene.m; sourceTree = "<group>"; };
		8383EDFE1F9DF77D006BCC57 /* spitfire.png */ = {isa = PBXFileReference; lastKnownFileType = image.png; path = spitfire.png; sourceTree = "<group>"; };
		8383EDFF1F9DF77D006BCC57 /* enemy.png */ = {isa = PBXFileReference; lastKnownFileType = image.png; path = enemy.png; sourceTree = "<group>"; };
		8383EE001F9DF77D006BCC57 /* logo.png */ = {isa = PBXFileReference; lastKnownFileType = image.png; path = logo.png; sourceTree = "<group>"; };
		8383EE041F9DF9A7006BCC57 /* GameScene.h */ = {isa = PBXFileReference; lastKnownFileType = sourcecode.c.h; path = GameScene.h; sourceTree = "<group>"; };
		8383EE051F9DF9A7006BCC57 /* GameScene.m */ = {isa = PBXFileReference; lastKnownFileType = sourcecode.c.objc; path = GameScene.m; sourceTree = "<group>"; };
/* End PBXFileReference section */

/* Begin PBXFrameworksBuildPhase section */
		8383EDA81F9D8CA5006BCC57 /* Frameworks */ = {
			isa = PBXFrameworksBuildPhase;
			buildActionMask = 2147483647;
			files = (
			);
			runOnlyForDeploymentPostprocessing = 0;
		};
		8383EDC01F9D8CA5006BCC57 /* Frameworks */ = {
			isa = PBXFrameworksBuildPhase;
			buildActionMask = 2147483647;
			files = (
			);
			runOnlyForDeploymentPostprocessing = 0;
		};
		8383EDCB1F9D8CA5006BCC57 /* Frameworks */ = {
			isa = PBXFrameworksBuildPhase;
			buildActionMask = 2147483647;
			files = (
			);
			runOnlyForDeploymentPostprocessing = 0;
		};
/* End PBXFrameworksBuildPhase section */

/* Begin PBXGroup section */
		83686BE71F9F2FF80043D68F /* Missiles */ = {
			isa = PBXGroup;
			children = (
				83686BE81F9F30180043D68F /* Missiles.h */,
				83686BE91F9F30180043D68F /* Missiles.m */,
				83686BEB1F9F333D0043D68F /* HeroMissiles.h */,
				83686BEC1F9F333D0043D68F /* HeroMissiles.m */,
				83686BEE1F9F44B30043D68F /* EnemyMissiles.h */,
				83686BEF1F9F44B30043D68F /* EnemyMissiles.m */,
			);
			path = Missiles;
			sourceTree = "<group>";
		};
		8383EDA21F9D8CA5006BCC57 = {
			isa = PBXGroup;
			children = (
				8383EDAD1F9D8CA5006BCC57 /* Fighter */,
				8383EDC61F9D8CA5006BCC57 /* FighterTests */,
				8383EDD11F9D8CA5006BCC57 /* FighterUITests */,
				8383EDAC1F9D8CA5006BCC57 /* Products */,
			);
			sourceTree = "<group>";
		};
		8383EDAC1F9D8CA5006BCC57 /* Products */ = {
			isa = PBXGroup;
			children = (
				8383EDAB1F9D8CA5006BCC57 /* Fighter.app */,
				8383EDC31F9D8CA5006BCC57 /* FighterTests.xctest */,
				8383EDCE1F9D8CA5006BCC57 /* FighterUITests.xctest */,
			);
			name = Products;
			sourceTree = "<group>";
		};
		8383EDAD1F9D8CA5006BCC57 /* Fighter */ = {
			isa = PBXGroup;
			children = (
				83686BE71F9F2FF80043D68F /* Missiles */,
				8383EDFA1F9DE7E4006BCC57 /* Scene */,
				8383EDF31F9D8E18006BCC57 /* Fighters */,
				8383EDAE1F9D8CA5006BCC57 /* AppDelegate.h */,
				8383EDAF1F9D8CA5006BCC57 /* AppDelegate.m */,
				8383EDB11F9D8CA5006BCC57 /* ViewController.h */,
				8383EDB21F9D8CA5006BCC57 /* ViewController.m */,
				8383EDB41F9D8CA5006BCC57 /* Main.storyboard */,
				8383EDB71F9D8CA5006BCC57 /* Assets.xcassets */,
				8383EDB91F9D8CA5006BCC57 /* LaunchScreen.storyboard */,
				8383EDBC1F9D8CA5006BCC57 /* Info.plist */,
				8383EDBD1F9D8CA5006BCC57 /* main.m */,
				8383EDF71F9DE4EA006BCC57 /* SKEmitterNode+MyUtilities.h */,
				8383EDF81F9DE4EA006BCC57 /* SKEmitterNode+MyUtilities.m */,
			);
			path = Fighter;
			sourceTree = "<group>";
		};
		8383EDC61F9D8CA5006BCC57 /* FighterTests */ = {
			isa = PBXGroup;
			children = (
				832FA99F1F9EF16C0049A5FD /* PrefixHeader.pch */,
				8383EDE01F9D8DDC006BCC57 /* Images */,
				8383EDE51F9D8DDC006BCC57 /* ParticleEmitters */,
				8383EDC71F9D8CA5006BCC57 /* FighterTests.m */,
				8383EDC91F9D8CA5006BCC57 /* Info.plist */,
			);
			path = FighterTests;
			sourceTree = "<group>";
		};
		8383EDD11F9D8CA5006BCC57 /* FighterUITests */ = {
			isa = PBXGroup;
			children = (
				8383EDD21F9D8CA5006BCC57 /* FighterUITests.m */,
				8383EDD41F9D8CA5006BCC57 /* Info.plist */,
			);
			path = FighterUITests;
			sourceTree = "<group>";
		};
		8383EDE01F9D8DDC006BCC57 /* Images */ = {
			isa = PBXGroup;
			children = (
				831A7EA21FA0A216006B1907 /* bullet.png */,
				831A7EA11FA0A216006B1907 /* bullet@2x.png */,
				832FA9A11F9EF7650049A5FD /* pause.png */,
				832FA9A51F9EFB080049A5FD /* stop.png */,
				832FA9A21F9EF7650049A5FD /* start.png */,
				8383EDE11F9D8DDC006BCC57 /* enemy@2x.png */,
				8383EDFF1F9DF77D006BCC57 /* enemy.png */,
				8383EE001F9DF77D006BCC57 /* logo.png */,
				8383EDFE1F9DF77D006BCC57 /* spitfire.png */,
				8383EDE21F9D8DDC006BCC57 /* logo@2x.png */,
				8383EDE31F9D8DDC006BCC57 /* spark.png */,
				8383EDE41F9D8DDC006BCC57 /* spitfire@2x.png */,
			);
			name = Images;
			path = Fighter/Images;
			sourceTree = SOURCE_ROOT;
		};
		8383EDE51F9D8DDC006BCC57 /* ParticleEmitters */ = {
			isa = PBXGroup;
			children = (
				8383EDE61F9D8DDC006BCC57 /* CloudParticleEmitter.sks */,
				8383EDE71F9D8DDC006BCC57 /* DamageSmoke.sks */,
				8383EDE81F9D8DDC006BCC57 /* Explosion.sks */,
				8383EDE91F9D8DDC006BCC57 /* Fire.sks */,
			);
			name = ParticleEmitters;
			path = Fighter/ParticleEmitters;
			sourceTree = SOURCE_ROOT;
		};
		8383EDF31F9D8E18006BCC57 /* Fighters */ = {
			isa = PBXGroup;
			children = (
				832FA9A71F9F18340049A5FD /* HeroFIghter.h */,
				832FA9A81F9F18340049A5FD /* HeroFIghter.m */,
			);
			path = Fighters;
			sourceTree = "<group>";
		};
		8383EDFA1F9DE7E4006BCC57 /* Scene */ = {
			isa = PBXGroup;
			children = (
				8383EDFB1F9DE847006BCC57 /* StarScene.h */,
				8383EDFC1F9DE847006BCC57 /* StarScene.m */,
				8383EE041F9DF9A7006BCC57 /* GameScene.h */,
				8383EE051F9DF9A7006BCC57 /* GameScene.m */,
			);
			path = Scene;
			sourceTree = "<group>";
		};
/* End PBXGroup section */

/* Begin PBXNativeTarget section */
		8383EDAA1F9D8CA5006BCC57 /* Fighter */ = {
			isa = PBXNativeTarget;
			buildConfigurationList = 8383EDD71F9D8CA5006BCC57 /* Build configuration list for PBXNativeTarget "Fighter" */;
			buildPhases = (
				8383EDA71F9D8CA5006BCC57 /* Sources */,
				8383EDA81F9D8CA5006BCC57 /* Frameworks */,
				8383EDA91F9D8CA5006BCC57 /* Resources */,
			);
			buildRules = (
			);
			dependencies = (
			);
			name = Fighter;
			productName = Fighter;
			productReference = 8383EDAB1F9D8CA5006BCC57 /* Fighter.app */;
			productType = "com.apple.product-type.application";
		};
		8383EDC21F9D8CA5006BCC57 /* FighterTests */ = {
			isa = PBXNativeTarget;
			buildConfigurationList = 8383EDDA1F9D8CA5006BCC57 /* Build configuration list for PBXNativeTarget "FighterTests" */;
			buildPhases = (
				8383EDBF1F9D8CA5006BCC57 /* Sources */,
				8383EDC01F9D8CA5006BCC57 /* Frameworks */,
				8383EDC11F9D8CA5006BCC57 /* Resources */,
			);
			buildRules = (
			);
			dependencies = (
				8383EDC51F9D8CA5006BCC57 /* PBXTargetDependency */,
			);
			name = FighterTests;
			productName = FighterTests;
			productReference = 8383EDC31F9D8CA5006BCC57 /* FighterTests.xctest */;
			productType = "com.apple.product-type.bundle.unit-test";
		};
		8383EDCD1F9D8CA5006BCC57 /* FighterUITests */ = {
			isa = PBXNativeTarget;
			buildConfigurationList = 8383EDDD1F9D8CA5006BCC57 /* Build configuration list for PBXNativeTarget "FighterUITests" */;
			buildPhases = (
				8383EDCA1F9D8CA5006BCC57 /* Sources */,
				8383EDCB1F9D8CA5006BCC57 /* Frameworks */,
				8383EDCC1F9D8CA5006BCC57 /* Resources */,
			);
			buildRules = (
			);
			dependencies = (
				8383EDD01F9D8CA5006BCC57 /* PBXTargetDependency */,
			);
			name = FighterUITests;
			productName = FighterUITests;
			productReference = 8383EDCE1F9D8CA5006BCC57 /* FighterUITests.xctest */;
			productType = "com.apple.product-type.bundle.ui-testing";
		};
/* End PBXNativeTarget section */

/* Begin PBXProject section */
		8383EDA31F9D8CA5006BCC57 /* Project object */ = {
			isa = PBXProject;
			attributes = {
				LastUpgradeCheck = 0900;
				ORGANIZATIONNAME = ShiWen;
				TargetAttributes = {
					8383EDAA1F9D8CA5006BCC57 = {
						CreatedOnToolsVersion = 9.0;
						ProvisioningStyle = Manual;
					};
					8383EDC21F9D8CA5006BCC57 = {
						CreatedOnToolsVersion = 9.0;
						ProvisioningStyle = Automatic;
						TestTargetID = 8383EDAA1F9D8CA5006BCC57;
					};
					8383EDCD1F9D8CA5006BCC57 = {
						CreatedOnToolsVersion = 9.0;
						ProvisioningStyle = Automatic;
						TestTargetID = 8383EDAA1F9D8CA5006BCC57;
					};
				};
			};
			buildConfigurationList = 8383EDA61F9D8CA5006BCC57 /* Build configuration list for PBXProject "Fighter" */;
			compatibilityVersion = "Xcode 8.0";
			developmentRegion = en;
			hasScannedForEncodings = 0;
			knownRegions = (
				en,
				Base,
			);
			mainGroup = 8383EDA21F9D8CA5006BCC57;
			productRefGroup = 8383EDAC1F9D8CA5006BCC57 /* Products */;
			projectDirPath = "";
			projectRoot = "";
			targets = (
				8383EDAA1F9D8CA5006BCC57 /* Fighter */,
				8383EDC21F9D8CA5006BCC57 /* FighterTests */,
				8383EDCD1F9D8CA5006BCC57 /* FighterUITests */,
			);
		};
/* End PBXProject section */

/* Begin PBXResourcesBuildPhase section */
		8383EDA91F9D8CA5006BCC57 /* Resources */ = {
			isa = PBXResourcesBuildPhase;
			buildActionMask = 2147483647;
			files = (
				831A7EA31FA0A216006B1907 /* bullet@2x.png in Resources */,
				832FA9A61F9EFB0F0049A5FD /* stop.png in Resources */,
				832FA9A31F9EF7700049A5FD /* pause.png in Resources */,
				832FA9A41F9EF7700049A5FD /* start.png in Resources */,
				8383EE011F9DF791006BCC57 /* enemy.png in Resources */,
				8383EE021F9DF791006BCC57 /* logo.png in Resources */,
				8383EE031F9DF791006BCC57 /* spitfire.png in Resources */,
				8383EDEA1F9D8DEC006BCC57 /* enemy@2x.png in Resources */,
				8383EDEB1F9D8DEC006BCC57 /* logo@2x.png in Resources */,
				8383EDEC1F9D8DEC006BCC57 /* spark.png in Resources */,
				8383EDED1F9D8DEC006BCC57 /* spitfire@2x.png in Resources */,
				8383EDEE1F9D8DEC006BCC57 /* CloudParticleEmitter.sks in Resources */,
				8383EDEF1F9D8DEC006BCC57 /* DamageSmoke.sks in Resources */,
				831A7EA41FA0A216006B1907 /* bullet.png in Resources */,
				8383EDF01F9D8DEC006BCC57 /* Explosion.sks in Resources */,
				8383EDF11F9D8DEC006BCC57 /* Fire.sks in Resources */,
				8383EDBB1F9D8CA5006BCC57 /* LaunchScreen.storyboard in Resources */,
				8383EDB81F9D8CA5006BCC57 /* Assets.xcassets in Resources */,
				8383EDB61F9D8CA5006BCC57 /* Main.storyboard in Resources */,
			);
			runOnlyForDeploymentPostprocessing = 0;
		};
		8383EDC11F9D8CA5006BCC57 /* Resources */ = {
			isa = PBXResourcesBuildPhase;
			buildActionMask = 2147483647;
			files = (
			);
			runOnlyForDeploymentPostprocessing = 0;
		};
		8383EDCC1F9D8CA5006BCC57 /* Resources */ = {
			isa = PBXResourcesBuildPhase;
			buildActionMask = 2147483647;
			files = (
			);
			runOnlyForDeploymentPostprocessing = 0;
		};
/* End PBXResourcesBuildPhase section */

/* Begin PBXSourcesBuildPhase section */
		8383EDA71F9D8CA5006BCC57 /* Sources */ = {
			isa = PBXSourcesBuildPhase;
			buildActionMask = 2147483647;
			files = (
				832FA9A01F9EF20A0049A5FD /* PrefixHeader.pch in Sources */,
				8383EDB31F9D8CA5006BCC57 /* ViewController.m in Sources */,
				8383EDFD1F9DE847006BCC57 /* StarScene.m in Sources */,
				8383EE061F9DF9A7006BCC57 /* GameScene.m in Sources */,
				83686BF01F9F44B30043D68F /* EnemyMissiles.m in Sources */,
				8383EDBE1F9D8CA5006BCC57 /* main.m in Sources */,
				83686BED1F9F333D0043D68F /* HeroMissiles.m in Sources */,
				8383EDF91F9DE4EA006BCC57 /* SKEmitterNode+MyUtilities.m in Sources */,
				832FA9A91F9F18340049A5FD /* HeroFIghter.m in Sources */,
				83686BEA1F9F30180043D68F /* Missiles.m in Sources */,
				8383EDB01F9D8CA5006BCC57 /* AppDelegate.m in Sources */,
			);
			runOnlyForDeploymentPostprocessing = 0;
		};
		8383EDBF1F9D8CA5006BCC57 /* Sources */ = {
			isa = PBXSourcesBuildPhase;
			buildActionMask = 2147483647;
			files = (
				8383EDC81F9D8CA5006BCC57 /* FighterTests.m in Sources */,
			);
			runOnlyForDeploymentPostprocessing = 0;
		};
		8383EDCA1F9D8CA5006BCC57 /* Sources */ = {
			isa = PBXSourcesBuildPhase;
			buildActionMask = 2147483647;
			files = (
				8383EDD31F9D8CA5006BCC57 /* FighterUITests.m in Sources */,
			);
			runOnlyForDeploymentPostprocessing = 0;
		};
/* End PBXSourcesBuildPhase section */

/* Begin PBXTargetDependency section */
		8383EDC51F9D8CA5006BCC57 /* PBXTargetDependency */ = {
			isa = PBXTargetDependency;
			target = 8383EDAA1F9D8CA5006BCC57 /* Fighter */;
			targetProxy = 8383EDC41F9D8CA5006BCC57 /* PBXContainerItemProxy */;
		};
		8383EDD01F9D8CA5006BCC57 /* PBXTargetDependency */ = {
			isa = PBXTargetDependency;
			target = 8383EDAA1F9D8CA5006BCC57 /* Fighter */;
			targetProxy = 8383EDCF1F9D8CA5006BCC57 /* PBXContainerItemProxy */;
		};
/* End PBXTargetDependency section */

/* Begin PBXVariantGroup section */
		8383EDB41F9D8CA5006BCC57 /* Main.storyboard */ = {
			isa = PBXVariantGroup;
			children = (
				8383EDB51F9D8CA5006BCC57 /* Base */,
			);
			name = Main.storyboard;
			sourceTree = "<group>";
		};
		8383EDB91F9D8CA5006BCC57 /* LaunchScreen.storyboard */ = {
			isa = PBXVariantGroup;
			children = (
				8383EDBA1F9D8CA5006BCC57 /* Base */,
			);
			name = LaunchScreen.storyboard;
			sourceTree = "<group>";
		};
/* End PBXVariantGroup section */

/* Begin XCBuildConfiguration section */
		8383EDD51F9D8CA5006BCC57 /* Debug */ = {
			isa = XCBuildConfiguration;
			buildSettings = {
				ALWAYS_SEARCH_USER_PATHS = NO;
				CLANG_ANALYZER_NONNULL = YES;
				CLANG_ANALYZER_NUMBER_OBJECT_CONVERSION = YES_AGGRESSIVE;
				CLANG_CXX_LANGUAGE_STANDARD = "gnu++14";
				CLANG_CXX_LIBRARY = "libc++";
				CLANG_ENABLE_MODULES = YES;
				CLANG_ENABLE_OBJC_ARC = YES;
				CLANG_WARN_BLOCK_CAPTURE_AUTORELEASING = YES;
				CLANG_WARN_BOOL_CONVERSION = YES;
				CLANG_WARN_COMMA = YES;
				CLANG_WARN_CONSTANT_CONVERSION = YES;
				CLANG_WARN_DIRECT_OBJC_ISA_USAGE = YES_ERROR;
				CLANG_WARN_DOCUMENTATION_COMMENTS = YES;
				CLANG_WARN_EMPTY_BODY = YES;
				CLANG_WARN_ENUM_CONVERSION = YES;
				CLANG_WARN_INFINITE_RECURSION = YES;
				CLANG_WARN_INT_CONVERSION = YES;
				CLANG_WARN_NON_LITERAL_NULL_CONVERSION = YES;
				CLANG_WARN_OBJC_LITERAL_CONVERSION = YES;
				CLANG_WARN_OBJC_ROOT_CLASS = YES_ERROR;
				CLANG_WARN_RANGE_LOOP_ANALYSIS = YES;
				CLANG_WARN_STRICT_PROTOTYPES = YES;
				CLANG_WARN_SUSPICIOUS_MOVE = YES;
				CLANG_WARN_UNGUARDED_AVAILABILITY = YES_AGGRESSIVE;
				CLANG_WARN_UNREACHABLE_CODE = YES;
				CLANG_WARN__DUPLICATE_METHOD_MATCH = YES;
				CODE_SIGN_IDENTITY = "iPhone Developer";
				COPY_PHASE_STRIP = NO;
				DEBUG_INFORMATION_FORMAT = dwarf;
				ENABLE_STRICT_OBJC_MSGSEND = YES;
				ENABLE_TESTABILITY = YES;
				GCC_C_LANGUAGE_STANDARD = gnu11;
				GCC_DYNAMIC_NO_PIC = NO;
				GCC_NO_COMMON_BLOCKS = YES;
				GCC_OPTIMIZATION_LEVEL = 0;
				GCC_PREPROCESSOR_DEFINITIONS = (
					"DEBUG=1",
					"$(inherited)",
				);
				GCC_WARN_64_TO_32_BIT_CONVERSION = YES;
				GCC_WARN_ABOUT_RETURN_TYPE = YES_ERROR;
				GCC_WARN_UNDECLARED_SELECTOR = YES;
				GCC_WARN_UNINITIALIZED_AUTOS = YES_AGGRESSIVE;
				GCC_WARN_UNUSED_FUNCTION = YES;
				GCC_WARN_UNUSED_VARIABLE = YES;
				IPHONEOS_DEPLOYMENT_TARGET = 11.0;
				MTL_ENABLE_DEBUG_INFO = YES;
				ONLY_ACTIVE_ARCH = YES;
				SDKROOT = iphoneos;
			};
			name = Debug;
		};
		8383EDD61F9D8CA5006BCC57 /* Release */ = {
			isa = XCBuildConfiguration;
			buildSettings = {
				ALWAYS_SEARCH_USER_PATHS = NO;
				CLANG_ANALYZER_NONNULL = YES;
				CLANG_ANALYZER_NUMBER_OBJECT_CONVERSION = YES_AGGRESSIVE;
				CLANG_CXX_LANGUAGE_STANDARD = "gnu++14";
				CLANG_CXX_LIBRARY = "libc++";
				CLANG_ENABLE_MODULES = YES;
				CLANG_ENABLE_OBJC_ARC = YES;
				CLANG_WARN_BLOCK_CAPTURE_AUTORELEASING = YES;
				CLANG_WARN_BOOL_CONVERSION = YES;
				CLANG_WARN_COMMA = YES;
				CLANG_WARN_CONSTANT_CONVERSION = YES;
				CLANG_WARN_DIRECT_OBJC_ISA_USAGE = YES_ERROR;
				CLANG_WARN_DOCUMENTATION_COMMENTS = YES;
				CLANG_WARN_EMPTY_BODY = YES;
				CLANG_WARN_ENUM_CONVERSION = YES;
				CLANG_WARN_INFINITE_RECURSION = YES;
				CLANG_WARN_INT_CONVERSION = YES;
				CLANG_WARN_NON_LITERAL_NULL_CONVERSION = YES;
				CLANG_WARN_OBJC_LITERAL_CONVERSION = YES;
				CLANG_WARN_OBJC_ROOT_CLASS = YES_ERROR;
				CLANG_WARN_RANGE_LOOP_ANALYSIS = YES;
				CLANG_WARN_STRICT_PROTOTYPES = YES;
				CLANG_WARN_SUSPICIOUS_MOVE = YES;
				CLANG_WARN_UNGUARDED_AVAILABILITY = YES_AGGRESSIVE;
				CLANG_WARN_UNREACHABLE_CODE = YES;
				CLANG_WARN__DUPLICATE_METHOD_MATCH = YES;
				CODE_SIGN_IDENTITY = "iPhone Developer";
				COPY_PHASE_STRIP = NO;
				DEBUG_INFORMATION_FORMAT = "dwarf-with-dsym";
				ENABLE_NS_ASSERTIONS = NO;
				ENABLE_STRICT_OBJC_MSGSEND = YES;
				GCC_C_LANGUAGE_STANDARD = gnu11;
				GCC_NO_COMMON_BLOCKS = YES;
				GCC_WARN_64_TO_32_BIT_CONVERSION = YES;
				GCC_WARN_ABOUT_RETURN_TYPE = YES_ERROR;
				GCC_WARN_UNDECLARED_SELECTOR = YES;
				GCC_WARN_UNINITIALIZED_AUTOS = YES_AGGRESSIVE;
				GCC_WARN_UNUSED_FUNCTION = YES;
				GCC_WARN_UNUSED_VARIABLE = YES;
				IPHONEOS_DEPLOYMENT_TARGET = 11.0;
				MTL_ENABLE_DEBUG_INFO = NO;
				SDKROOT = iphoneos;
				VALIDATE_PRODUCT = YES;
			};
			name = Release;
		};
		8383EDD81F9D8CA5006BCC57 /* Debug */ = {
			isa = XCBuildConfiguration;
			buildSettings = {
				ASSETCATALOG_COMPILER_APPICON_NAME = AppIcon;
				CODE_SIGN_STYLE = Manual;
				DEVELOPMENT_TEAM = X585696T4B;
				GCC_PREFIX_HEADER = "/Users/shiwen/Desktop/文件整理/My/Spritekit/Fighter/FighterTests/PrefixHeader.pch";
				INFOPLIST_FILE = Fighter/Info.plist;
				LD_RUNPATH_SEARCH_PATHS = "$(inherited) @executable_path/Frameworks";
				PRODUCT_BUNDLE_IDENTIFIER = com.ShiWenChen.com.Fighter;
				PRODUCT_NAME = "$(TARGET_NAME)";
				PROVISIONING_PROFILE = "34779f32-976c-48a9-8576-55b1d8bc4e7b";
				PROVISIONING_PROFILE_SPECIFIER = TestApp;
				TARGETED_DEVICE_FAMILY = "1,2";
			};
			name = Debug;
		};
		8383EDD91F9D8CA5006BCC57 /* Release */ = {
			isa = XCBuildConfiguration;
			buildSettings = {
				ASSETCATALOG_COMPILER_APPICON_NAME = AppIcon;
				CODE_SIGN_STYLE = Manual;
				DEVELOPMENT_TEAM = X585696T4B;
				GCC_PREFIX_HEADER = "/Users/shiwen/Desktop/文件整理/My/Spritekit/Fighter/FighterTests/PrefixHeader.pch";
				INFOPLIST_FILE = Fighter/Info.plist;
				LD_RUNPATH_SEARCH_PATHS = "$(inherited) @executable_path/Frameworks";
				PRODUCT_BUNDLE_IDENTIFIER = com.ShiWenChen.com.Fighter;
				PRODUCT_NAME = "$(TARGET_NAME)";
				PROVISIONING_PROFILE = "34779f32-976c-48a9-8576-55b1d8bc4e7b";
				PROVISIONING_PROFILE_SPECIFIER = TestApp;
				TARGETED_DEVICE_FAMILY = "1,2";
			};
			name = Release;
		};
		8383EDDB1F9D8CA5006BCC57 /* Debug */ = {
			isa = XCBuildConfiguration;
			buildSettings = {
				BUNDLE_LOADER = "$(TEST_HOST)";
				CODE_SIGN_STYLE = Automatic;
				INFOPLIST_FILE = FighterTests/Info.plist;
				LD_RUNPATH_SEARCH_PATHS = "$(inherited) @executable_path/Frameworks @loader_path/Frameworks";
				PRODUCT_BUNDLE_IDENTIFIER = com.ShiWenChen.com.FighterTests;
				PRODUCT_NAME = "$(TARGET_NAME)";
				TARGETED_DEVICE_FAMILY = "1,2";
				TEST_HOST = "$(BUILT_PRODUCTS_DIR)/Fighter.app/Fighter";
			};
			name = Debug;
		};
		8383EDDC1F9D8CA5006BCC57 /* Release */ = {
			isa = XCBuildConfiguration;
			buildSettings = {
				BUNDLE_LOADER = "$(TEST_HOST)";
				CODE_SIGN_STYLE = Automatic;
				INFOPLIST_FILE = FighterTests/Info.plist;
				LD_RUNPATH_SEARCH_PATHS = "$(inherited) @executable_path/Frameworks @loader_path/Frameworks";
				PRODUCT_BUNDLE_IDENTIFIER = com.ShiWenChen.com.FighterTests;
				PRODUCT_NAME = "$(TARGET_NAME)";
				TARGETED_DEVICE_FAMILY = "1,2";
				TEST_HOST = "$(BUILT_PRODUCTS_DIR)/Fighter.app/Fighter";
			};
			name = Release;
		};
		8383EDDE1F9D8CA5006BCC57 /* Debug */ = {
			isa = XCBuildConfiguration;
			buildSettings = {
				CODE_SIGN_STYLE = Automatic;
				INFOPLIST_FILE = FighterUITests/Info.plist;
				LD_RUNPATH_SEARCH_PATHS = "$(inherited) @executable_path/Frameworks @loader_path/Frameworks";
				PRODUCT_BUNDLE_IDENTIFIER = com.ShiWenChen.com.FighterUITests;
				PRODUCT_NAME = "$(TARGET_NAME)";
				TARGETED_DEVICE_FAMILY = "1,2";
				TEST_TARGET_NAME = Fighter;
			};
			name = Debug;
		};
		8383EDDF1F9D8CA5006BCC57 /* Release */ = {
			isa = XCBuildConfiguration;
			buildSettings = {
				CODE_SIGN_STYLE = Automatic;
				INFOPLIST_FILE = FighterUITests/Info.plist;
				LD_RUNPATH_SEARCH_PATHS = "$(inherited) @executable_path/Frameworks @loader_path/Frameworks";
				PRODUCT_BUNDLE_IDENTIFIER = com.ShiWenChen.com.FighterUITests;
				PRODUCT_NAME = "$(TARGET_NAME)";
				TARGETED_DEVICE_FAMILY = "1,2";
				TEST_TARGET_NAME = Fighter;
			};
			name = Release;
		};
/* End XCBuildConfiguration section */

/* Begin XCConfigurationList section */
		8383EDA61F9D8CA5006BCC57 /* Build configuration list for PBXProject "Fighter" */ = {
			isa = XCConfigurationList;
			buildConfigurations = (
				8383EDD51F9D8CA5006BCC57 /* Debug */,
				8383EDD61F9D8CA5006BCC57 /* Release */,
			);
			defaultConfigurationIsVisible = 0;
			defaultConfigurationName = Release;
		};
		8383EDD71F9D8CA5006BCC57 /* Build configuration list for PBXNativeTarget "Fighter" */ = {
			isa = XCConfigurationList;
			buildConfigurations = (
				8383EDD81F9D8CA5006BCC57 /* Debug */,
				8383EDD91F9D8CA5006BCC57 /* Release */,
			);
			defaultConfigurationIsVisible = 0;
			defaultConfigurationName = Release;
		};
		8383EDDA1F9D8CA5006BCC57 /* Build configuration list for PBXNativeTarget "FighterTests" */ = {
			isa = XCConfigurationList;
			buildConfigurations = (
				8383EDDB1F9D8CA5006BCC57 /* Debug */,
				8383EDDC1F9D8CA5006BCC57 /* Release */,
			);
			defaultConfigurationIsVisible = 0;
			defaultConfigurationName = Release;
		};
		8383EDDD1F9D8CA5006BCC57 /* Build configuration list for PBXNativeTarget "FighterUITests" */ = {
			isa = XCConfigurationList;
			buildConfigurations = (
				8383EDDE1F9D8CA5006BCC57 /* Debug */,
				8383EDDF1F9D8CA5006BCC57 /* Release */,
			);
			defaultConfigurationIsVisible = 0;
			defaultConfigurationName = Release;
		};
/* End XCConfigurationList section */
	};
	rootObject = 8383EDA31F9D8CA5006BCC57 /* Project object */;
}
